
Microsoft Visual Studio Solution File, Format Version 12.00
# Visual Studio Version 17
VisualStudioVersion = 17.13.35919.96 d17.13
MinimumVisualStudioVersion = 10.0.40219.1
Project("{FAE04EC0-301F-11D3-BF4B-00C04F79EFBC}") = "Task1", "Task1.csproj", "{27BFBB38-A372-444F-872D-67196FF4A90D}"
EndProject
Global
	GlobalSection(SolutionConfigurationPlatforms) = preSolution
		Debug|Any CPU = Debug|Any CPU
		Release|Any CPU = Release|Any CPU
	EndGlobalSection
	GlobalSection(ProjectConfigurationPlatforms) = postSolution
		{27BFBB38-A372-444F-872D-67196FF4A90D}.Debug|Any CPU.ActiveCfg = Debug|Any CPU
		{27BFBB38-A372-444F-872D-67196FF4A90D}.Debug|Any CPU.Build.0 = Debug|Any CPU
		{27BFBB38-A372-444F-872D-67196FF4A90D}.Release|Any CPU.ActiveCfg = Release|Any CPU
		{27BFBB38-A372-444F-872D-67196FF4A90D}.Release|Any CPU.Build.0 = Release|Any CPU
	EndGlobalSection
	GlobalSection(SolutionProperties) = preSolution
		HideSolutionNode = FALSE
	EndGlobalSection
	GlobalSection(ExtensibilityGlobals) = postSolution
		SolutionGuid = {8F18F89C-8A28-4C8F-BB61-5C6DBAB41A85}
	EndGlobalSection
EndGlobal
