
Microsoft Visual Studio Solution File, Format Version 12.00
# Visual Studio Version 17
VisualStudioVersion = 17.13.35919.96 d17.13
MinimumVisualStudioVersion = 10.0.40219.1
Project("{FAE04EC0-301F-11D3-BF4B-00C04F79EFBC}") = "Task2", "Task2.csproj", "{9C088192-FE66-4AD2-B3EE-3259D8059995}"
EndProject
Global
	GlobalSection(SolutionConfigurationPlatforms) = preSolution
		Debug|Any CPU = Debug|Any CPU
		Release|Any CPU = Release|Any CPU
	EndGlobalSection
	GlobalSection(ProjectConfigurationPlatforms) = postSolution
		{9C088192-FE66-4AD2-B3EE-3259D8059995}.Debug|Any CPU.ActiveCfg = Debug|Any CPU
		{9C088192-FE66-4AD2-B3EE-3259D8059995}.Debug|Any CPU.Build.0 = Debug|Any CPU
		{9C088192-FE66-4AD2-B3EE-3259D8059995}.Release|Any CPU.ActiveCfg = Release|Any CPU
		{9C088192-FE66-4AD2-B3EE-3259D8059995}.Release|Any CPU.Build.0 = Release|Any CPU
	EndGlobalSection
	GlobalSection(SolutionProperties) = preSolution
		HideSolutionNode = FALSE
	EndGlobalSection
	GlobalSection(ExtensibilityGlobals) = postSolution
		SolutionGuid = {502F0F8C-E7B9-4138-8EC9-5F99638138EC}
	EndGlobalSection
EndGlobal
